// !$*UTF8*$!
{
	archiveVersion = 1;
	classes = {
	};
	objectVersion = 52;
	objects = {

/* Begin PBXBuildFile section */
		6C003EBB25D37AC5008067AF /* map.json in Resources */ = {isa = PBXBuildFile; fileRef = 6C003EBA25D37AC5008067AF /* map.json */; };
		6C3083B325D370B000952954 /* AppDelegate.swift in Sources */ = {isa = PBXBuildFile; fileRef = 6C3083B225D370B000952954 /* AppDelegate.swift */; };
		6C3083B525D370B000952954 /* SceneDelegate.swift in Sources */ = {isa = PBXBuildFile; fileRef = 6C3083B425D370B000952954 /* SceneDelegate.swift */; };
		6C3083B725D370B000952954 /* ContentView.swift in Sources */ = {isa = PBXBuildFile; fileRef = 6C3083B625D370B000952954 /* ContentView.swift */; };
		6C3083B925D370B200952954 /* Assets.xcassets in Resources */ = {isa = PBXBuildFile; fileRef = 6C3083B825D370B200952954 /* Assets.xcassets */; };
		6C3083BC25D370B200952954 /* Preview Assets.xcassets in Resources */ = {isa = PBXBuildFile; fileRef = 6C3083BB25D370B200952954 /* Preview Assets.xcassets */; };
		6C3083BF25D370B200952954 /* LaunchScreen.storyboard in Resources */ = {isa = PBXBuildFile; fileRef = 6C3083BD25D370B200952954 /* LaunchScreen.storyboard */; };
		6C3083C925D3715C00952954 /* Lottie in Frameworks */ = {isa = PBXBuildFile; productRef = 6C3083C825D3715C00952954 /* Lottie */; };
		6C3083CC25D3716800952954 /* LottieView.swift in Sources */ = {isa = PBXBuildFile; fileRef = 6C3083CB25D3716800952954 /* LottieView.swift */; };
		6C3083CF25D371A600952954 /* LottieCard.swift in Sources */ = {isa = PBXBuildFile; fileRef = 6C3083CE25D371A600952954 /* LottieCard.swift */; };
		6C3083D325D378BC00952954 /* sending-email.json in Resources */ = {isa = PBXBuildFile; fileRef = 6C3083D225D378BC00952954 /* sending-email.json */; };
		6CF969CB25D37A1C0011E313 /* School.json in Resources */ = {isa = PBXBuildFile; fileRef = 6CF969CA25D37A1C0011E313 /* School.json */; };
/* End PBXBuildFile section */

/* Begin PBXFileReference section */
		6C003EBA25D37AC5008067AF /* map.json */ = {isa = PBXFileReference; fileEncoding = 4; lastKnownFileType = text.json; name = map.json; path = ../../../../../Downloads/map.json; sourceTree = "<group>"; };
		6C3083AF25D370B000952954 /* LottieCard.app */ = {isa = PBXFileReference; explicitFileType = wrapper.application; includeInIndex = 0; path = LottieCard.app; sourceTree = BUILT_PRODUCTS_DIR; };
		6C3083B225D370B000952954 /* AppDelegate.swift */ = {isa = PBXFileReference; lastKnownFileType = sourcecode.swift; path = AppDelegate.swift; sourceTree = "<group>"; };
		6C3083B425D370B000952954 /* SceneDelegate.swift */ = {isa = PBXFileReference; lastKnownFileType = sourcecode.swift; path = SceneDelegate.swift; sourceTree = "<group>"; };
		6C3083B625D370B000952954 /* ContentView.swift */ = {isa = PBXFileReference; lastKnownFileType = sourcecode.swift; path = ContentView.swift; sourceTree = "<group>"; };
		6C3083B825D370B200952954 /* Assets.xcassets */ = {isa = PBXFileReference; lastKnownFileType = folder.assetcatalog; path = Assets.xcassets; sourceTree = "<group>"; };
		6C3083BB25D370B200952954 /* Preview Assets.xcassets */ = {isa = PBXFileReference; lastKnownFileType = folder.assetcatalog; path = "Preview Assets.xcassets"; sourceTree = "<group>"; };
		6C3083BE25D370B200952954 /* Base */ = {isa = PBXFileReference; lastKnownFileType = file.storyboard; name = Base; path = Base.lproj/LaunchScreen.storyboard; sourceTree = "<group>"; };
		6C3083C025D370B200952954 /* Info.plist */ = {isa = PBXFileReference; lastKnownFileType = text.plist.xml; path = Info.plist; sourceTree = "<group>"; };
		6C3083CB25D3716800952954 /* LottieView.swift */ = {isa = PBXFileReference; lastKnownFileType = sourcecode.swift; path = LottieView.swift; sourceTree = "<group>"; };
		6C3083CE25D371A600952954 /* LottieCard.swift */ = {isa = PBXFileReference; lastKnownFileType = sourcecode.swift; path = LottieCard.swift; sourceTree = "<group>"; };
		6C3083D225D378BC00952954 /* sending-email.json */ = {isa = PBXFileReference; fileEncoding = 4; lastKnownFileType = text.json; path = "sending-email.json"; sourceTree = "<group>"; };
		6CF969CA25D37A1C0011E313 /* School.json */ = {isa = PBXFileReference; fileEncoding = 4; lastKnownFileType = text.json; path = School.json; sourceTree = "<group>"; };
/* End PBXFileReference section */

/* Begin PBXFrameworksBuildPhase section */
		6C3083AC25D370B000952954 /* Frameworks */ = {
			isa = PBXFrameworksBuildPhase;
			buildActionMask = 2147483647;
			files = (
				6C3083C925D3715C00952954 /* Lottie in Frameworks */,
			);
			runOnlyForDeploymentPostprocessing = 0;
		};
/* End PBXFrameworksBuildPhase section */

/* Begin PBXGroup section */
		6C003EBD25D37F84008067AF /* View */ = {
			isa = PBXGroup;
			children = (
				6C3083B625D370B000952954 /* ContentView.swift */,
				6C3083CB25D3716800952954 /* LottieView.swift */,
				6C3083CE25D371A600952954 /* LottieCard.swift */,
			);
			path = View;
			sourceTree = "<group>";
		};
		6C3083A625D370B000952954 = {
			isa = PBXGroup;
			children = (
				6C3083B125D370B000952954 /* LottieCard */,
				6C3083B025D370B000952954 /* Products */,
			);
			sourceTree = "<group>";
		};
		6C3083B025D370B000952954 /* Products */ = {
			isa = PBXGroup;
			children = (
				6C3083AF25D370B000952954 /* LottieCard.app */,
			);
			name = Products;
			sourceTree = "<group>";
		};
		6C3083B125D370B000952954 /* LottieCard */ = {
			isa = PBXGroup;
			children = (
				6C003EBD25D37F84008067AF /* View */,
				6C3083B225D370B000952954 /* AppDelegate.swift */,
				6CF969CA25D37A1C0011E313 /* School.json */,
				6C3083D225D378BC00952954 /* sending-email.json */,
				6C003EBA25D37AC5008067AF /* map.json */,
				6C3083B425D370B000952954 /* SceneDelegate.swift */,
				6C3083B825D370B200952954 /* Assets.xcassets */,
				6C3083BD25D370B200952954 /* LaunchScreen.storyboard */,
				6C3083C025D370B200952954 /* Info.plist */,
				6C3083BA25D370B200952954 /* Preview Content */,
			);
			path = LottieCard;
			sourceTree = "<group>";
		};
		6C3083BA25D370B200952954 /* Preview Content */ = {
			isa = PBXGroup;
			children = (
				6C3083BB25D370B200952954 /* Preview Assets.xcassets */,
			);
			path = "Preview Content";
			sourceTree = "<group>";
		};
/* End PBXGroup section */

/* Begin PBXNativeTarget section */
		6C3083AE25D370B000952954 /* LottieCard */ = {
			isa = PBXNativeTarget;
			buildConfigurationList = 6C3083C325D370B200952954 /* Build configuration list for PBXNativeTarget "LottieCard" */;
			buildPhases = (
				6C3083AB25D370B000952954 /* Sources */,
				6C3083AC25D370B000952954 /* Frameworks */,
				6C3083AD25D370B000952954 /* Resources */,
			);
			buildRules = (
			);
			dependencies = (
			);
			name = LottieCard;
			packageProductDependencies = (
				6C3083C825D3715C00952954 /* Lottie */,
			);
			productName = LottieCard;
			productReference = 6C3083AF25D370B000952954 /* LottieCard.app */;
			productType = "com.apple.product-type.application";
		};
/* End PBXNativeTarget section */

/* Begin PBXProject section */
		6C3083A725D370B000952954 /* Project object */ = {
			isa = PBXProject;
			attributes = {
				LastSwiftUpdateCheck = 1230;
				LastUpgradeCheck = 1230;
				TargetAttributes = {
					6C3083AE25D370B000952954 = {
						CreatedOnToolsVersion = 12.3;
					};
				};
			};
			buildConfigurationList = 6C3083AA25D370B000952954 /* Build configuration list for PBXProject "LottieCard" */;
			compatibilityVersion = "Xcode 9.3";
			developmentRegion = en;
			hasScannedForEncodings = 0;
			knownRegions = (
				en,
				Base,
			);
			mainGroup = 6C3083A625D370B000952954;
			packageReferences = (
				6C3083C725D3715C00952954 /* XCRemoteSwiftPackageReference "lottie-ios" */,
			);
			productRefGroup = 6C3083B025D370B000952954 /* Products */;
			projectDirPath = "";
			projectRoot = "";
			targets = (
				6C3083AE25D370B000952954 /* LottieCard */,
			);
		};
/* End PBXProject section */

/* Begin PBXResourcesBuildPhase section */
		6C3083AD25D370B000952954 /* Resources */ = {
			isa = PBXResourcesBuildPhase;
			buildActionMask = 2147483647;
			files = (
				6CF969CB25D37A1C0011E313 /* School.json in Resources */,
				6C3083BF25D370B200952954 /* LaunchScreen.storyboard in Resources */,
				6C003EBB25D37AC5008067AF /* map.json in Resources */,
				6C3083BC25D370B200952954 /* Preview Assets.xcassets in Resources */,
				6C3083B925D370B200952954 /* Assets.xcassets in Resources */,
				6C3083D325D378BC00952954 /* sending-email.json in Resources */,
			);
			runOnlyForDeploymentPostprocessing = 0;
		};
/* End PBXResourcesBuildPhase section */

/* Begin PBXSourcesBuildPhase section */
		6C3083AB25D370B000952954 /* Sources */ = {
			isa = PBXSourcesBuildPhase;
			buildActionMask = 2147483647;
			files = (
				6C3083B325D370B000952954 /* AppDelegate.swift in Sources */,
				6C3083B525D370B000952954 /* SceneDelegate.swift in Sources */,
				6C3083B725D370B000952954 /* ContentView.swift in Sources */,
				6C3083CF25D371A600952954 /* LottieCard.swift in Sources */,
				6C3083CC25D3716800952954 /* LottieView.swift in Sources */,
			);
			runOnlyForDeploymentPostprocessing = 0;
		};
/* End PBXSourcesBuildPhase section */

/* Begin PBXVariantGroup section */
		6C3083BD25D370B200952954 /* LaunchScreen.storyboard */ = {
			isa = PBXVariantGroup;
			children = (
				6C3083BE25D370B200952954 /* Base */,
			);
			name = LaunchScreen.storyboard;
			sourceTree = "<group>";
		};
/* End PBXVariantGroup section */

/* Begin XCBuildConfiguration section */
		6C3083C125D370B200952954 /* Debug */ = {
			isa = XCBuildConfiguration;
			buildSettings = {
				ALWAYS_SEARCH_USER_PATHS = NO;
				CLANG_ANALYZER_NONNULL = YES;
				CLANG_ANALYZER_NUMBER_OBJECT_CONVERSION = YES_AGGRESSIVE;
				CLANG_CXX_LANGUAGE_STANDARD = "gnu++14";
				CLANG_CXX_LIBRARY = "libc++";
				CLANG_ENABLE_MODULES = YES;
				CLANG_ENABLE_OBJC_ARC = YES;
				CLANG_ENABLE_OBJC_WEAK = YES;
				CLANG_WARN_BLOCK_CAPTURE_AUTORELEASING = YES;
				CLANG_WARN_BOOL_CONVERSION = YES;
				CLANG_WARN_COMMA = YES;
				CLANG_WARN_CONSTANT_CONVERSION = YES;
				CLANG_WARN_DEPRECATED_OBJC_IMPLEMENTATIONS = YES;
				CLANG_WARN_DIRECT_OBJC_ISA_USAGE = YES_ERROR;
				CLANG_WARN_DOCUMENTATION_COMMENTS = YES;
				CLANG_WARN_EMPTY_BODY = YES;
				CLANG_WARN_ENUM_CONVERSION = YES;
				CLANG_WARN_INFINITE_RECURSION = YES;
				CLANG_WARN_INT_CONVERSION = YES;
				CLANG_WARN_NON_LITERAL_NULL_CONVERSION = YES;
				CLANG_WARN_OBJC_IMPLICIT_RETAIN_SELF = YES;
				CLANG_WARN_OBJC_LITERAL_CONVERSION = YES;
				CLANG_WARN_OBJC_ROOT_CLASS = YES_ERROR;
				CLANG_WARN_QUOTED_INCLUDE_IN_FRAMEWORK_HEADER = YES;
				CLANG_WARN_RANGE_LOOP_ANALYSIS = YES;
				CLANG_WARN_STRICT_PROTOTYPES = YES;
				CLANG_WARN_SUSPICIOUS_MOVE = YES;
				CLANG_WARN_UNGUARDED_AVAILABILITY = YES_AGGRESSIVE;
				CLANG_WARN_UNREACHABLE_CODE = YES;
				CLANG_WARN__DUPLICATE_METHOD_MATCH = YES;
				COPY_PHASE_STRIP = NO;
				DEBUG_INFORMATION_FORMAT = dwarf;
				ENABLE_STRICT_OBJC_MSGSEND = YES;
				ENABLE_TESTABILITY = YES;
				GCC_C_LANGUAGE_STANDARD = gnu11;
				GCC_DYNAMIC_NO_PIC = NO;
				GCC_NO_COMMON_BLOCKS = YES;
				GCC_OPTIMIZATION_LEVEL = 0;
				GCC_PREPROCESSOR_DEFINITIONS = (
					"DEBUG=1",
					"$(inherited)",
				);
				GCC_WARN_64_TO_32_BIT_CONVERSION = YES;
				GCC_WARN_ABOUT_RETURN_TYPE = YES_ERROR;
				GCC_WARN_UNDECLARED_SELECTOR = YES;
				GCC_WARN_UNINITIALIZED_AUTOS = YES_AGGRESSIVE;
				GCC_WARN_UNUSED_FUNCTION = YES;
				GCC_WARN_UNUSED_VARIABLE = YES;
				IPHONEOS_DEPLOYMENT_TARGET = 14.3;
				MTL_ENABLE_DEBUG_INFO = INCLUDE_SOURCE;
				MTL_FAST_MATH = YES;
				ONLY_ACTIVE_ARCH = YES;
				SDKROOT = iphoneos;
				SWIFT_ACTIVE_COMPILATION_CONDITIONS = DEBUG;
				SWIFT_OPTIMIZATION_LEVEL = "-Onone";
			};
			name = Debug;
		};
		6C3083C225D370B200952954 /* Release */ = {
			isa = XCBuildConfiguration;
			buildSettings = {
				ALWAYS_SEARCH_USER_PATHS = NO;
				CLANG_ANALYZER_NONNULL = YES;
				CLANG_ANALYZER_NUMBER_OBJECT_CONVERSION = YES_AGGRESSIVE;
				CLANG_CXX_LANGUAGE_STANDARD = "gnu++14";
				CLANG_CXX_LIBRARY = "libc++";
				CLANG_ENABLE_MODULES = YES;
				CLANG_ENABLE_OBJC_ARC = YES;
				CLANG_ENABLE_OBJC_WEAK = YES;
				CLANG_WARN_BLOCK_CAPTURE_AUTORELEASING = YES;
				CLANG_WARN_BOOL_CONVERSION = YES;
				CLANG_WARN_COMMA = YES;
				CLANG_WARN_CONSTANT_CONVERSION = YES;
				CLANG_WARN_DEPRECATED_OBJC_IMPLEMENTATIONS = YES;
				CLANG_WARN_DIRECT_OBJC_ISA_USAGE = YES_ERROR;
				CLANG_WARN_DOCUMENTATION_COMMENTS = YES;
				CLANG_WARN_EMPTY_BODY = YES;
				CLANG_WARN_ENUM_CONVERSION = YES;
				CLANG_WARN_INFINITE_RECURSION = YES;
				CLANG_WARN_INT_CONVERSION = YES;
				CLANG_WARN_NON_LITERAL_NULL_CONVERSION = YES;
				CLANG_WARN_OBJC_IMPLICIT_RETAIN_SELF = YES;
				CLANG_WARN_OBJC_LITERAL_CONVERSION = YES;
				CLANG_WARN_OBJC_ROOT_CLASS = YES_ERROR;
				CLANG_WARN_QUOTED_INCLUDE_IN_FRAMEWORK_HEADER = YES;
				CLANG_WARN_RANGE_LOOP_ANALYSIS = YES;
				CLANG_WARN_STRICT_PROTOTYPES = YES;
				CLANG_WARN_SUSPICIOUS_MOVE = YES;
				CLANG_WARN_UNGUARDED_AVAILABILITY = YES_AGGRESSIVE;
				CLANG_WARN_UNREACHABLE_CODE = YES;
				CLANG_WARN__DUPLICATE_METHOD_MATCH = YES;
				COPY_PHASE_STRIP = NO;
				DEBUG_INFORMATION_FORMAT = "dwarf-with-dsym";
				ENABLE_NS_ASSERTIONS = NO;
				ENABLE_STRICT_OBJC_MSGSEND = YES;
				GCC_C_LANGUAGE_STANDARD = gnu11;
				GCC_NO_COMMON_BLOCKS = YES;
				GCC_WARN_64_TO_32_BIT_CONVERSION = YES;
				GCC_WARN_ABOUT_RETURN_TYPE = YES_ERROR;
				GCC_WARN_UNDECLARED_SELECTOR = YES;
				GCC_WARN_UNINITIALIZED_AUTOS = YES_AGGRESSIVE;
				GCC_WARN_UNUSED_FUNCTION = YES;
				GCC_WARN_UNUSED_VARIABLE = YES;
				IPHONEOS_DEPLOYMENT_TARGET = 14.3;
				MTL_ENABLE_DEBUG_INFO = NO;
				MTL_FAST_MATH = YES;
				SDKROOT = iphoneos;
				SWIFT_COMPILATION_MODE = wholemodule;
				SWIFT_OPTIMIZATION_LEVEL = "-O";
				VALIDATE_PRODUCT = YES;
			};
			name = Release;
		};
		6C3083C425D370B200952954 /* Debug */ = {
			isa = XCBuildConfiguration;
			buildSettings = {
				ASSETCATALOG_COMPILER_APPICON_NAME = AppIcon;
				ASSETCATALOG_COMPILER_GLOBAL_ACCENT_COLOR_NAME = AccentColor;
				CODE_SIGN_STYLE = Automatic;
				DEVELOPMENT_ASSET_PATHS = "\"LottieCard/Preview Content\"";
				DEVELOPMENT_TEAM = 4WVK4KG35K;
				ENABLE_PREVIEWS = YES;
				INFOPLIST_FILE = LottieCard/Info.plist;
				LD_RUNPATH_SEARCH_PATHS = (
					"$(inherited)",
					"@executable_path/Frameworks",
				);
				PRODUCT_BUNDLE_IDENTIFIER = com.seonjung.LottieCard;
				PRODUCT_NAME = "$(TARGET_NAME)";
				SWIFT_VERSION = 5.0;
				TARGETED_DEVICE_FAMILY = "1,2";
			};
			name = Debug;
		};
		6C3083C525D370B200952954 /* Release */ = {
			isa = XCBuildConfiguration;
			buildSettings = {
				ASSETCATALOG_COMPILER_APPICON_NAME = AppIcon;
				ASSETCATALOG_COMPILER_GLOBAL_ACCENT_COLOR_NAME = AccentColor;
				CODE_SIGN_STYLE = Automatic;
				DEVELOPMENT_ASSET_PATHS = "\"LottieCard/Preview Content\"";
				DEVELOPMENT_TEAM = 4WVK4KG35K;
				ENABLE_PREVIEWS = YES;
				INFOPLIST_FILE = LottieCard/Info.plist;
				LD_RUNPATH_SEARCH_PATHS = (
					"$(inherited)",
					"@executable_path/Frameworks",
				);
				PRODUCT_BUNDLE_IDENTIFIER = com.seonjung.LottieCard;
				PRODUCT_NAME = "$(TARGET_NAME)";
				SWIFT_VERSION = 5.0;
				TARGETED_DEVICE_FAMILY = "1,2";
			};
			name = Release;
		};
/* End XCBuildConfiguration section */

/* Begin XCConfigurationList section */
		6C3083AA25D370B000952954 /* Build configuration list for PBXProject "LottieCard" */ = {
			isa = XCConfigurationList;
			buildConfigurations = (
				6C3083C125D370B200952954 /* Debug */,
				6C3083C225D370B200952954 /* Release */,
			);
			defaultConfigurationIsVisible = 0;
			defaultConfigurationName = Release;
		};
		6C3083C325D370B200952954 /* Build configuration list for PBXNativeTarget "LottieCard" */ = {
			isa = XCConfigurationList;
			buildConfigurations = (
				6C3083C425D370B200952954 /* Debug */,
				6C3083C525D370B200952954 /* Release */,
			);
			defaultConfigurationIsVisible = 0;
			defaultConfigurationName = Release;
		};
/* End XCConfigurationList section */

/* Begin XCRemoteSwiftPackageReference section */
		6C3083C725D3715C00952954 /* XCRemoteSwiftPackageReference "lottie-ios" */ = {
			isa = XCRemoteSwiftPackageReference;
			repositoryURL = "https://github.com/airbnb/lottie-ios.git";
			requirement = {
				kind = upToNextMajorVersion;
				minimumVersion = 3.2.1;
			};
		};
/* End XCRemoteSwiftPackageReference section */

/* Begin XCSwiftPackageProductDependency section */
		6C3083C825D3715C00952954 /* Lottie */ = {
			isa = XCSwiftPackageProductDependency;
			package = 6C3083C725D3715C00952954 /* XCRemoteSwiftPackageReference "lottie-ios" */;
			productName = Lottie;
		};
/* End XCSwiftPackageProductDependency section */
	};
	rootObject = 6C3083A725D370B000952954 /* Project object */;
}
